// !$*UTF8*$!
{
	archiveVersion = 1;
	classes = {
	};
	objectVersion = 50;
	objects = {

/* Begin PBXBuildFile section */
		FC3D2B4C219C4B5D00C67BE9 /* AppDelegate.swift in Sources */ = {isa = PBXBuildFile; fileRef = FC3D2B4B219C4B5D00C67BE9 /* AppDelegate.swift */; };
		FC3D2B4E219C4B5D00C67BE9 /* ViewController.swift in Sources */ = {isa = PBXBuildFile; fileRef = FC3D2B4D219C4B5D00C67BE9 /* ViewController.swift */; };
		FC3D2B51219C4B5D00C67BE9 /* Main.storyboard in Resources */ = {isa = PBXBuildFile; fileRef = FC3D2B4F219C4B5D00C67BE9 /* Main.storyboard */; };
		FC3D2B53219C4B5F00C67BE9 /* Assets.xcassets in Resources */ = {isa = PBXBuildFile; fileRef = FC3D2B52219C4B5F00C67BE9 /* Assets.xcassets */; };
		FC3D2B56219C4B5F00C67BE9 /* LaunchScreen.storyboard in Resources */ = {isa = PBXBuildFile; fileRef = FC3D2B54219C4B5F00C67BE9 /* LaunchScreen.storyboard */; };
/* End PBXBuildFile section */

/* Begin PBXFileReference section */
		FC3D2B48219C4B5D00C67BE9 /* GitHub_New.app */ = {isa = PBXFileReference; explicitFileType = wrapper.application; includeInIndex = 0; path = GitHub_New.app; sourceTree = BUILT_PRODUCTS_DIR; };
		FC3D2B4B219C4B5D00C67BE9 /* AppDelegate.swift */ = {isa = PBXFileReference; lastKnownFileType = sourcecode.swift; path = AppDelegate.swift; sourceTree = "<group>"; };
		FC3D2B4D219C4B5D00C67BE9 /* ViewController.swift */ = {isa = PBXFileReference; lastKnownFileType = sourcecode.swift; path = ViewController.swift; sourceTree = "<group>"; };
		FC3D2B50219C4B5D00C67BE9 /* Base */ = {isa = PBXFileReference; lastKnownFileType = file.storyboard; name = Base; path = Base.lproj/Main.storyboard; sourceTree = "<group>"; };
		FC3D2B52219C4B5F00C67BE9 /* Assets.xcassets */ = {isa = PBXFileReference; lastKnownFileType = folder.assetcatalog; path = Assets.xcassets; sourceTree = "<group>"; };
		FC3D2B55219C4B5F00C67BE9 /* Base */ = {isa = PBXFileReference; lastKnownFileType = file.storyboard; name = Base; path = Base.lproj/LaunchScreen.storyboard; sourceTree = "<group>"; };
		FC3D2B57219C4B5F00C67BE9 /* Info.plist */ = {isa = PBXFileReference; lastKnownFileType = text.plist.xml; path = Info.plist; sourceTree = "<group>"; };
/* End PBXFileReference section */

/* Begin PBXFrameworksBuildPhase section */
		FC3D2B45219C4B5D00C67BE9 /* Frameworks */ = {
			isa = PBXFrameworksBuildPhase;
			buildActionMask = 2147483647;
			files = (
			);
			runOnlyForDeploymentPostprocessing = 0;
		};
/* End PBXFrameworksBuildPhase section */

/* Begin PBXGroup section */
		FC3D2B3F219C4B5D00C67BE9 = {
			isa = PBXGroup;
			children = (
				FC3D2B4A219C4B5D00C67BE9 /* GitHub_New */,
				FC3D2B49219C4B5D00C67BE9 /* Products */,
			);
			sourceTree = "<group>";
		};
		FC3D2B49219C4B5D00C67BE9 /* Products */ = {
			isa = PBXGroup;
			children = (
				FC3D2B48219C4B5D00C67BE9 /* GitHub_New.app */,
			);
			name = Products;
			sourceTree = "<group>";
		};
		FC3D2B4A219C4B5D00C67BE9 /* GitHub_New */ = {
			isa = PBXGroup;
			children = (
				FC3D2B4B219C4B5D00C67BE9 /* AppDelegate.swift */,
				FC3D2B4D219C4B5D00C67BE9 /* ViewController.swift */,
				FC3D2B4F219C4B5D00C67BE9 /* Main.storyboard */,
				FC3D2B52219C4B5F00C67BE9 /* Assets.xcassets */,
				FC3D2B54219C4B5F00C67BE9 /* LaunchScreen.storyboard */,
				FC3D2B57219C4B5F00C67BE9 /* Info.plist */,
			);
			path = GitHub_New;
			sourceTree = "<group>";
		};
/* End PBXGroup section */

/* Begin PBXNativeTarget section */
		FC3D2B47219C4B5D00C67BE9 /* GitHub_New */ = {
			isa = PBXNativeTarget;
			buildConfigurationList = FC3D2B5A219C4B5F00C67BE9 /* Build configuration list for PBXNativeTarget "GitHub_New" */;
			buildPhases = (
				FC3D2B44219C4B5D00C67BE9 /* Sources */,
				FC3D2B45219C4B5D00C67BE9 /* Frameworks */,
				FC3D2B46219C4B5D00C67BE9 /* Resources */,
			);
			buildRules = (
			);
			dependencies = (
			);
			name = GitHub_New;
			productName = GitHub_New;
			productReference = FC3D2B48219C4B5D00C67BE9 /* GitHub_New.app */;
			productType = "com.apple.product-type.application";
		};
/* End PBXNativeTarget section */

/* Begin PBXProject section */
		FC3D2B40219C4B5D00C67BE9 /* Project object */ = {
			isa = PBXProject;
			attributes = {
				LastSwiftUpdateCheck = 0940;
				LastUpgradeCheck = 0940;
				ORGANIZATIONNAME = Umesh;
				TargetAttributes = {
					FC3D2B47219C4B5D00C67BE9 = {
						CreatedOnToolsVersion = 9.4.1;
					};
				};
			};
			buildConfigurationList = FC3D2B43219C4B5D00C67BE9 /* Build configuration list for PBXProject "GitHub_New" */;
			compatibilityVersion = "Xcode 9.3";
			developmentRegion = en;
			hasScannedForEncodings = 0;
			knownRegions = (
				en,
				Base,
			);
			mainGroup = FC3D2B3F219C4B5D00C67BE9;
			productRefGroup = FC3D2B49219C4B5D00C67BE9 /* Products */;
			projectDirPath = "";
			projectRoot = "";
			targets = (
				FC3D2B47219C4B5D00C67BE9 /* GitHub_New */,
			);
		};
/* End PBXProject section */

/* Begin PBXResourcesBuildPhase section */
		FC3D2B46219C4B5D00C67BE9 /* Resources */ = {
			isa = PBXResourcesBuildPhase;
			buildActionMask = 2147483647;
			files = (
				FC3D2B56219C4B5F00C67BE9 /* LaunchScreen.storyboard in Resources */,
				FC3D2B53219C4B5F00C67BE9 /* Assets.xcassets in Resources */,
				FC3D2B51219C4B5D00C67BE9 /* Main.storyboard in Resources */,
			);
			runOnlyForDeploymentPostprocessing = 0;
		};
/* End PBXResourcesBuildPhase section */

/* Begin PBXSourcesBuildPhase section */
		FC3D2B44219C4B5D00C67BE9 /* Sources */ = {
			isa = PBXSourcesBuildPhase;
			buildActionMask = 2147483647;
			files = (
				FC3D2B4E219C4B5D00C67BE9 /* ViewController.swift in Sources */,
				FC3D2B4C219C4B5D00C67BE9 /* AppDelegate.swift in Sources */,
			);
			runOnlyForDeploymentPostprocessing = 0;
		};
/* End PBXSourcesBuildPhase section */

/* Begin PBXVariantGroup section */
		FC3D2B4F219C4B5D00C67BE9 /* Main.storyboard */ = {
			isa = PBXVariantGroup;
			children = (
				FC3D2B50219C4B5D00C67BE9 /* Base */,
			);
			name = Main.storyboard;
			sourceTree = "<group>";
		};
		FC3D2B54219C4B5F00C67BE9 /* LaunchScreen.storyboard */ = {
			isa = PBXVariantGroup;
			children = (
				FC3D2B55219C4B5F00C67BE9 /* Base */,
			);
			name = LaunchScreen.storyboard;
			sourceTree = "<group>";
		};
/* End PBXVariantGroup section */

/* Begin XCBuildConfiguration section */
		FC3D2B58219C4B5F00C67BE9 /* Debug */ = {
			isa = XCBuildConfiguration;
			buildSettings = {
				ALWAYS_SEARCH_USER_PATHS = NO;
				CLANG_ANALYZER_NONNULL = YES;
				CLANG_ANALYZER_NUMBER_OBJECT_CONVERSION = YES_AGGRESSIVE;
				CLANG_CXX_LANGUAGE_STANDARD = "gnu++14";
				CLANG_CXX_LIBRARY = "libc++";
				CLANG_ENABLE_MODULES = YES;
				CLANG_ENABLE_OBJC_ARC = YES;
				CLANG_ENABLE_OBJC_WEAK = YES;
				CLANG_WARN_BLOCK_CAPTURE_AUTORELEASING = YES;
				CLANG_WARN_BOOL_CONVERSION = YES;
				CLANG_WARN_COMMA = YES;
				CLANG_WARN_CONSTANT_CONVERSION = YES;
				CLANG_WARN_DEPRECATED_OBJC_IMPLEMENTATIONS = YES;
				CLANG_WARN_DIRECT_OBJC_ISA_USAGE = YES_ERROR;
				CLANG_WARN_DOCUMENTATION_COMMENTS = YES;
				CLANG_WARN_EMPTY_BODY = YES;
				CLANG_WARN_ENUM_CONVERSION = YES;
				CLANG_WARN_INFINITE_RECURSION = YES;
				CLANG_WARN_INT_CONVERSION = YES;
				CLANG_WARN_NON_LITERAL_NULL_CONVERSION = YES;
				CLANG_WARN_OBJC_IMPLICIT_RETAIN_SELF = YES;
				CLANG_WARN_OBJC_LITERAL_CONVERSION = YES;
				CLANG_WARN_OBJC_ROOT_CLASS = YES_ERROR;
				CLANG_WARN_RANGE_LOOP_ANALYSIS = YES;
				CLANG_WARN_STRICT_PROTOTYPES = YES;
				CLANG_WARN_SUSPICIOUS_MOVE = YES;
				CLANG_WARN_UNGUARDED_AVAILABILITY = YES_AGGRESSIVE;
				CLANG_WARN_UNREACHABLE_CODE = YES;
				CLANG_WARN__DUPLICATE_METHOD_MATCH = YES;
				CODE_SIGN_IDENTITY = "iPhone Developer";
				COPY_PHASE_STRIP = NO;
				DEBUG_INFORMATION_FORMAT = dwarf;
				ENABLE_STRICT_OBJC_MSGSEND = YES;
				ENABLE_TESTABILITY = YES;
				GCC_C_LANGUAGE_STANDARD = gnu11;
				GCC_DYNAMIC_NO_PIC = NO;
				GCC_NO_COMMON_BLOCKS = YES;
				GCC_OPTIMIZATION_LEVEL = 0;
				GCC_PREPROCESSOR_DEFINITIONS = (
					"DEBUG=1",
					"$(inherited)",
				);
				GCC_WARN_64_TO_32_BIT_CONVERSION = YES;
				GCC_WARN_ABOUT_RETURN_TYPE = YES_ERROR;
				GCC_WARN_UNDECLARED_SELECTOR = YES;
				GCC_WARN_UNINITIALIZED_AUTOS = YES_AGGRESSIVE;
				GCC_WARN_UNUSED_FUNCTION = YES;
				GCC_WARN_UNUSED_VARIABLE = YES;
				IPHONEOS_DEPLOYMENT_TARGET = 11.4;
				MTL_ENABLE_DEBUG_INFO = YES;
				ONLY_ACTIVE_ARCH = YES;
				SDKROOT = iphoneos;
				SWIFT_ACTIVE_COMPILATION_CONDITIONS = DEBUG;
				SWIFT_OPTIMIZATION_LEVEL = "-Onone";
			};
			name = Debug;
		};
		FC3D2B59219C4B5F00C67BE9 /* Release */ = {
			isa = XCBuildConfiguration;
			buildSettings = {
				ALWAYS_SEARCH_USER_PATHS = NO;
				CLANG_ANALYZER_NONNULL = YES;
				CLANG_ANALYZER_NUMBER_OBJECT_CONVERSION = YES_AGGRESSIVE;
				CLANG_CXX_LANGUAGE_STANDARD = "gnu++14";
				CLANG_CXX_LIBRARY = "libc++";
				CLANG_ENABLE_MODULES = YES;
				CLANG_ENABLE_OBJC_ARC = YES;
				CLANG_ENABLE_OBJC_WEAK = YES;
				CLANG_WARN_BLOCK_CAPTURE_AUTORELEASING = YES;
				CLANG_WARN_BOOL_CONVERSION = YES;
				CLANG_WARN_COMMA = YES;
				CLANG_WARN_CONSTANT_CONVERSION = YES;
				CLANG_WARN_DEPRECATED_OBJC_IMPLEMENTATIONS = YES;
				CLANG_WARN_DIRECT_OBJC_ISA_USAGE = YES_ERROR;
				CLANG_WARN_DOCUMENTATION_COMMENTS = YES;
				CLANG_WARN_EMPTY_BODY = YES;
				CLANG_WARN_ENUM_CONVERSION = YES;
				CLANG_WARN_INFINITE_RECURSION = YES;
				CLANG_WARN_INT_CONVERSION = YES;
				CLANG_WARN_NON_LITERAL_NULL_CONVERSION = YES;
				CLANG_WARN_OBJC_IMPLICIT_RETAIN_SELF = YES;
				CLANG_WARN_OBJC_LITERAL_CONVERSION = YES;
				CLANG_WARN_OBJC_ROOT_CLASS = YES_ERROR;
				CLANG_WARN_RANGE_LOOP_ANALYSIS = YES;
				CLANG_WARN_STRICT_PROTOTYPES = YES;
				CLANG_WARN_SUSPICIOUS_MOVE = YES;
				CLANG_WARN_UNGUARDED_AVAILABILITY = YES_AGGRESSIVE;
				CLANG_WARN_UNREACHABLE_CODE = YES;
				CLANG_WARN__DUPLICATE_METHOD_MATCH = YES;
				CODE_SIGN_IDENTITY = "iPhone Developer";
				COPY_PHASE_STRIP = NO;
				DEBUG_INFORMATION_FORMAT = "dwarf-with-dsym";
				ENABLE_NS_ASSERTIONS = NO;
				ENABLE_STRICT_OBJC_MSGSEND = YES;
				GCC_C_LANGUAGE_STANDARD = gnu11;
				GCC_NO_COMMON_BLOCKS = YES;
				GCC_WARN_64_TO_32_BIT_CONVERSION = YES;
				GCC_WARN_ABOUT_RETURN_TYPE = YES_ERROR;
				GCC_WARN_UNDECLARED_SELECTOR = YES;
				GCC_WARN_UNINITIALIZED_AUTOS = YES_AGGRESSIVE;
				GCC_WARN_UNUSED_FUNCTION = YES;
				GCC_WARN_UNUSED_VARIABLE = YES;
				IPHONEOS_DEPLOYMENT_TARGET = 11.4;
				MTL_ENABLE_DEBUG_INFO = NO;
				SDKROOT = iphoneos;
				SWIFT_COMPILATION_MODE = wholemodule;
				SWIFT_OPTIMIZATION_LEVEL = "-O";
				VALIDATE_PRODUCT = YES;
			};
			name = Release;
		};
		FC3D2B5B219C4B5F00C67BE9 /* Debug */ = {
			isa = XCBuildConfiguration;
			buildSettings = {
				ASSETCATALOG_COMPILER_APPICON_NAME = AppIcon;
				CODE_SIGN_STYLE = Automatic;
				DEVELOPMENT_TEAM = 582372DXLH;
				INFOPLIST_FILE = GitHub_New/Info.plist;
				LD_RUNPATH_SEARCH_PATHS = (
					"$(inherited)",
					"@executable_path/Frameworks",
				);
				PRODUCT_BUNDLE_IDENTIFIER = "com.sonora.GitHub-New";
				PRODUCT_NAME = "$(TARGET_NAME)";
				SWIFT_VERSION = 4.0;
				TARGETED_DEVICE_FAMILY = "1,2";
			};
			name = Debug;
		};
		FC3D2B5C219C4B5F00C67BE9 /* Release */ = {
			isa = XCBuildConfiguration;
			buildSettings = {
				ASSETCATALOG_COMPILER_APPICON_NAME = AppIcon;
				CODE_SIGN_STYLE = Automatic;
				DEVELOPMENT_TEAM = 582372DXLH;
				INFOPLIST_FILE = GitHub_New/Info.plist;
				LD_RUNPATH_SEARCH_PATHS = (
					"$(inherited)",
					"@executable_path/Frameworks",
				);
				PRODUCT_BUNDLE_IDENTIFIER = "com.sonora.GitHub-New";
				PRODUCT_NAME = "$(TARGET_NAME)";
				SWIFT_VERSION = 4.0;
				TARGETED_DEVICE_FAMILY = "1,2";
			};
			name = Release;
		};
/* End XCBuildConfiguration section */

/* Begin XCConfigurationList section */
		FC3D2B43219C4B5D00C67BE9 /* Build configuration list for PBXProject "GitHub_New" */ = {
			isa = XCConfigurationList;
			buildConfigurations = (
				FC3D2B58219C4B5F00C67BE9 /* Debug */,
				FC3D2B59219C4B5F00C67BE9 /* Release */,
			);
			defaultConfigurationIsVisible = 0;
			defaultConfigurationName = Release;
		};
		FC3D2B5A219C4B5F00C67BE9 /* Build configuration list for PBXNativeTarget "GitHub_New" */ = {
			isa = XCConfigurationList;
			buildConfigurations = (
				FC3D2B5B219C4B5F00C67BE9 /* Debug */,
				FC3D2B5C219C4B5F00C67BE9 /* Release */,
			);
			defaultConfigurationIsVisible = 0;
			defaultConfigurationName = Release;
		};
/* End XCConfigurationList section */
	};
	rootObject = FC3D2B40219C4B5D00C67BE9 /* Project object */;
}
